
Microsoft Visual Studio Solution File, Format Version 12.00
# Visual Studio 15
VisualStudioVersion = 15.0.27428.1
MinimumVisualStudioVersion = 10.0.40219.1
Project("{FAE04EC0-301F-11D3-BF4B-00C04F79EFBC}") = "SpeldesignBotCore", "SpeldesignBotCore\SpeldesignBotCore.csproj", "{B13D9DE5-D94F-4C5B-BD90-FBB58CA3245A}"
EndProject
Global
	GlobalSection(SolutionConfigurationPlatforms) = preSolution
		Debug|Any CPU = Debug|Any CPU
		Release|Any CPU = Release|Any CPU
	EndGlobalSection
	GlobalSection(ProjectConfigurationPlatforms) = postSolution
		{B13D9DE5-D94F-4C5B-BD90-FBB58CA3245A}.Debug|Any CPU.ActiveCfg = Debug|Any CPU
		{B13D9DE5-D94F-4C5B-BD90-FBB58CA3245A}.Debug|Any CPU.Build.0 = Debug|Any CPU
		{B13D9DE5-D94F-4C5B-BD90-FBB58CA3245A}.Release|Any CPU.ActiveCfg = Release|Any CPU
		{B13D9DE5-D94F-4C5B-BD90-FBB58CA3245A}.Release|Any CPU.Build.0 = Release|Any CPU
	EndGlobalSection
	GlobalSection(SolutionProperties) = preSolution
		HideSolutionNode = FALSE
	EndGlobalSection
	GlobalSection(ExtensibilityGlobals) = postSolution
		SolutionGuid = {98C71BAB-62C7-4D33-A766-96188133D699}
	EndGlobalSection
EndGlobal
